
Microsoft Visual Studio Solution File, Format Version 12.00
# Visual Studio 15
VisualStudioVersion = 15.0.27703.2042
MinimumVisualStudioVersion = 10.0.40219.1
Project("{FAE04EC0-301F-11D3-BF4B-00C04F79EFBC}") = "SirmaInternProject", "SirmaInternProject\SirmaInternProject.csproj", "{5283E622-DDE7-4AC2-9704-9A497D44955B}"
EndProject
Global
	GlobalSection(SolutionConfigurationPlatforms) = preSolution
		Debug|Any CPU = Debug|Any CPU
		Release|Any CPU = Release|Any CPU
	EndGlobalSection
	GlobalSection(ProjectConfigurationPlatforms) = postSolution
		{5283E622-DDE7-4AC2-9704-9A497D44955B}.Debug|Any CPU.ActiveCfg = Debug|Any CPU
		{5283E622-DDE7-4AC2-9704-9A497D44955B}.Debug|Any CPU.Build.0 = Debug|Any CPU
		{5283E622-DDE7-4AC2-9704-9A497D44955B}.Release|Any CPU.ActiveCfg = Release|Any CPU
		{5283E622-DDE7-4AC2-9704-9A497D44955B}.Release|Any CPU.Build.0 = Release|Any CPU
	EndGlobalSection
	GlobalSection(SolutionProperties) = preSolution
		HideSolutionNode = FALSE
	EndGlobalSection
	GlobalSection(ExtensibilityGlobals) = postSolution
		SolutionGuid = {FAE3B3F0-7A5D-42AA-9CA1-1AFE0B4CB16D}
	EndGlobalSection
EndGlobal
